
Microsoft Visual Studio Solution File, Format Version 12.00
# Visual Studio Version 17
VisualStudioVersion = 17.8.34330.188
MinimumVisualStudioVersion = 10.0.40219.1
Project("{2150E333-8FDC-42A3-9474-1A3956D46DE8}") = "frameWorks", "frameWorks", "{7AAF25CE-968D-41D8-90B8-FC9AEAA48C08}"
EndProject
Project("{9A19103F-16F7-4668-BE54-9A1E7A4F7556}") = "HanDesign.AspNetCore", "framewroks\HanDesign.AspNetCore\HanDesign.AspNetCore.csproj", "{2D4D6D11-B7B3-4F81-ACC0-893FAC54CF88}"
EndProject
Project("{2150E333-8FDC-42A3-9474-1A3956D46DE8}") = "apiServices", "apiServices", "{4A2527C7-B0A7-4BC9-81F0-F112855D1A16}"
EndProject
Project("{9A19103F-16F7-4668-BE54-9A1E7A4F7556}") = "HanDesign.AuthorizationCentre", "apiServices\HanDesign.AuthorizationCentre\HanDesign.AuthorizationCentre.csproj", "{44A76AC1-906A-4A7C-BAD4-06B0CF77816B}"
EndProject
Project("{2150E333-8FDC-42A3-9474-1A3956D46DE8}") = "modules", "modules", "{F84DE9E9-8BAB-4DCC-88DF-5001AD94A4F9}"
EndProject
Project("{2150E333-8FDC-42A3-9474-1A3956D46DE8}") = "HanDesign.Authorization", "HanDesign.Authorization", "{4F52C5FF-2A00-49EF-9DAA-6841B9B37656}"
EndProject
Project("{9A19103F-16F7-4668-BE54-9A1E7A4F7556}") = "HanDesign.Authorization.Infrastructure", "modules\HanDesign.Authorization\HanDesign.Authorization.Infrastructure\HanDesign.Authorization.Infrastructure.csproj", "{06BC3EFE-DA8A-4658-90D8-E331EF7E9449}"
EndProject
Project("{9A19103F-16F7-4668-BE54-9A1E7A4F7556}") = "HanDesign.Authorization.Domain", "modules\HanDesign.Authorization\HanDesign.Authorization.Domain\HanDesign.Authorization.Domain.csproj", "{FD382AAB-E221-4695-BF4C-F11832D5D05D}"
EndProject
Project("{9A19103F-16F7-4668-BE54-9A1E7A4F7556}") = "HanDesign.Authorization.Application", "modules\HanDesign.Authorization\HanDesign.Authorization.Application\HanDesign.Authorization.Application.csproj", "{D415F920-A352-49FF-A150-3B4A6BEC5238}"
EndProject
Project("{9A19103F-16F7-4668-BE54-9A1E7A4F7556}") = "HanDesign.Domain", "framewroks\HanDesign.Domain\HanDesign.Domain.csproj", "{FFF444D1-8A2B-4B14-8B42-927608F8EAD0}"
EndProject
Project("{9A19103F-16F7-4668-BE54-9A1E7A4F7556}") = "HanDesign.EntityFrameworkCore", "framewroks\HanDesign.EntityFrameworkCore\HanDesign.EntityFrameworkCore.csproj", "{2527F2BD-3A96-46CF-BC6C-436BCE24BED6}"
EndProject
Project("{2150E333-8FDC-42A3-9474-1A3956D46DE8}") = "HanDesign.System", "HanDesign.System", "{A5BFA0FB-9D60-40BF-8AAF-075242DB3C03}"
EndProject
Project("{9A19103F-16F7-4668-BE54-9A1E7A4F7556}") = "HanDesign.System.Application", "modules\HanDesign.System\HanDesign.System.Application\HanDesign.System.Application.csproj", "{B6A99536-C50F-46D1-8C5A-C9B6405C6FC4}"
EndProject
Project("{9A19103F-16F7-4668-BE54-9A1E7A4F7556}") = "HanDesign.System.Domain", "modules\HanDesign.System\HanDesign.System.Domain\HanDesign.System.Domain.csproj", "{10EB4B1E-80E3-4CAD-BB32-C395E0F7DF3F}"
EndProject
Project("{9A19103F-16F7-4668-BE54-9A1E7A4F7556}") = "HanDesign.System.Infrastructure", "modules\HanDesign.System\HanDesign.System.Infrastructure\HanDesign.System.Infrastructure.csproj", "{1F60CCEB-72B4-4BF7-A040-04400D9143BA}"
EndProject
Project("{9A19103F-16F7-4668-BE54-9A1E7A4F7556}") = "HanDesign.SystemCenter", "apiServices\HanDesign.SystemCenter\HanDesign.SystemCenter.csproj", "{C774C063-B6D0-49CF-8B2E-6780D9BDCA5F}"
EndProject
Project("{9A19103F-16F7-4668-BE54-9A1E7A4F7556}") = "HanDesign.Yarp.ReverseProxy", "framewroks\HanDesign.Yarp.ReverseProxy\HanDesign.Yarp.ReverseProxy.csproj", "{5D9F46E4-A6B4-4785-8C19-3D15FDF1A349}"
EndProject
Project("{2150E333-8FDC-42A3-9474-1A3956D46DE8}") = "gateways", "gateways", "{A7E79BB9-D8C9-46E3-BD87-C70404235500}"
EndProject
Project("{9A19103F-16F7-4668-BE54-9A1E7A4F7556}") = "HanDesign.ApiService.Gateway", "gateways\HanDesign.ApiService.Gateway\HanDesign.ApiService.Gateway.csproj", "{136984C3-AD30-4FC9-B2DD-07E37D764B3F}"
EndProject
Global
	GlobalSection(SolutionConfigurationPlatforms) = preSolution
		Debug|Any CPU = Debug|Any CPU
		Release|Any CPU = Release|Any CPU
	EndGlobalSection
	GlobalSection(ProjectConfigurationPlatforms) = postSolution
		{2D4D6D11-B7B3-4F81-ACC0-893FAC54CF88}.Debug|Any CPU.ActiveCfg = Debug|Any CPU
		{2D4D6D11-B7B3-4F81-ACC0-893FAC54CF88}.Debug|Any CPU.Build.0 = Debug|Any CPU
		{2D4D6D11-B7B3-4F81-ACC0-893FAC54CF88}.Release|Any CPU.ActiveCfg = Release|Any CPU
		{2D4D6D11-B7B3-4F81-ACC0-893FAC54CF88}.Release|Any CPU.Build.0 = Release|Any CPU
		{44A76AC1-906A-4A7C-BAD4-06B0CF77816B}.Debug|Any CPU.ActiveCfg = Debug|Any CPU
		{44A76AC1-906A-4A7C-BAD4-06B0CF77816B}.Debug|Any CPU.Build.0 = Debug|Any CPU
		{44A76AC1-906A-4A7C-BAD4-06B0CF77816B}.Release|Any CPU.ActiveCfg = Release|Any CPU
		{44A76AC1-906A-4A7C-BAD4-06B0CF77816B}.Release|Any CPU.Build.0 = Release|Any CPU
		{06BC3EFE-DA8A-4658-90D8-E331EF7E9449}.Debug|Any CPU.ActiveCfg = Debug|Any CPU
		{06BC3EFE-DA8A-4658-90D8-E331EF7E9449}.Debug|Any CPU.Build.0 = Debug|Any CPU
		{06BC3EFE-DA8A-4658-90D8-E331EF7E9449}.Release|Any CPU.ActiveCfg = Release|Any CPU
		{06BC3EFE-DA8A-4658-90D8-E331EF7E9449}.Release|Any CPU.Build.0 = Release|Any CPU
		{FD382AAB-E221-4695-BF4C-F11832D5D05D}.Debug|Any CPU.ActiveCfg = Debug|Any CPU
		{FD382AAB-E221-4695-BF4C-F11832D5D05D}.Debug|Any CPU.Build.0 = Debug|Any CPU
		{FD382AAB-E221-4695-BF4C-F11832D5D05D}.Release|Any CPU.ActiveCfg = Release|Any CPU
		{FD382AAB-E221-4695-BF4C-F11832D5D05D}.Release|Any CPU.Build.0 = Release|Any CPU
		{D415F920-A352-49FF-A150-3B4A6BEC5238}.Debug|Any CPU.ActiveCfg = Debug|Any CPU
		{D415F920-A352-49FF-A150-3B4A6BEC5238}.Debug|Any CPU.Build.0 = Debug|Any CPU
		{D415F920-A352-49FF-A150-3B4A6BEC5238}.Release|Any CPU.ActiveCfg = Release|Any CPU
		{D415F920-A352-49FF-A150-3B4A6BEC5238}.Release|Any CPU.Build.0 = Release|Any CPU
		{FFF444D1-8A2B-4B14-8B42-927608F8EAD0}.Debug|Any CPU.ActiveCfg = Debug|Any CPU
		{FFF444D1-8A2B-4B14-8B42-927608F8EAD0}.Debug|Any CPU.Build.0 = Debug|Any CPU
		{FFF444D1-8A2B-4B14-8B42-927608F8EAD0}.Release|Any CPU.ActiveCfg = Release|Any CPU
		{FFF444D1-8A2B-4B14-8B42-927608F8EAD0}.Release|Any CPU.Build.0 = Release|Any CPU
		{2527F2BD-3A96-46CF-BC6C-436BCE24BED6}.Debug|Any CPU.ActiveCfg = Debug|Any CPU
		{2527F2BD-3A96-46CF-BC6C-436BCE24BED6}.Debug|Any CPU.Build.0 = Debug|Any CPU
		{2527F2BD-3A96-46CF-BC6C-436BCE24BED6}.Release|Any CPU.ActiveCfg = Release|Any CPU
		{2527F2BD-3A96-46CF-BC6C-436BCE24BED6}.Release|Any CPU.Build.0 = Release|Any CPU
		{B6A99536-C50F-46D1-8C5A-C9B6405C6FC4}.Debug|Any CPU.ActiveCfg = Debug|Any CPU
		{B6A99536-C50F-46D1-8C5A-C9B6405C6FC4}.Debug|Any CPU.Build.0 = Debug|Any CPU
		{B6A99536-C50F-46D1-8C5A-C9B6405C6FC4}.Release|Any CPU.ActiveCfg = Release|Any CPU
		{B6A99536-C50F-46D1-8C5A-C9B6405C6FC4}.Release|Any CPU.Build.0 = Release|Any CPU
		{10EB4B1E-80E3-4CAD-BB32-C395E0F7DF3F}.Debug|Any CPU.ActiveCfg = Debug|Any CPU
		{10EB4B1E-80E3-4CAD-BB32-C395E0F7DF3F}.Debug|Any CPU.Build.0 = Debug|Any CPU
		{10EB4B1E-80E3-4CAD-BB32-C395E0F7DF3F}.Release|Any CPU.ActiveCfg = Release|Any CPU
		{10EB4B1E-80E3-4CAD-BB32-C395E0F7DF3F}.Release|Any CPU.Build.0 = Release|Any CPU
		{1F60CCEB-72B4-4BF7-A040-04400D9143BA}.Debug|Any CPU.ActiveCfg = Debug|Any CPU
		{1F60CCEB-72B4-4BF7-A040-04400D9143BA}.Debug|Any CPU.Build.0 = Debug|Any CPU
		{1F60CCEB-72B4-4BF7-A040-04400D9143BA}.Release|Any CPU.ActiveCfg = Release|Any CPU
		{1F60CCEB-72B4-4BF7-A040-04400D9143BA}.Release|Any CPU.Build.0 = Release|Any CPU
		{C774C063-B6D0-49CF-8B2E-6780D9BDCA5F}.Debug|Any CPU.ActiveCfg = Debug|Any CPU
		{C774C063-B6D0-49CF-8B2E-6780D9BDCA5F}.Debug|Any CPU.Build.0 = Debug|Any CPU
		{C774C063-B6D0-49CF-8B2E-6780D9BDCA5F}.Release|Any CPU.ActiveCfg = Release|Any CPU
		{C774C063-B6D0-49CF-8B2E-6780D9BDCA5F}.Release|Any CPU.Build.0 = Release|Any CPU
		{5D9F46E4-A6B4-4785-8C19-3D15FDF1A349}.Debug|Any CPU.ActiveCfg = Debug|Any CPU
		{5D9F46E4-A6B4-4785-8C19-3D15FDF1A349}.Debug|Any CPU.Build.0 = Debug|Any CPU
		{5D9F46E4-A6B4-4785-8C19-3D15FDF1A349}.Release|Any CPU.ActiveCfg = Release|Any CPU
		{5D9F46E4-A6B4-4785-8C19-3D15FDF1A349}.Release|Any CPU.Build.0 = Release|Any CPU
		{136984C3-AD30-4FC9-B2DD-07E37D764B3F}.Debug|Any CPU.ActiveCfg = Debug|Any CPU
		{136984C3-AD30-4FC9-B2DD-07E37D764B3F}.Debug|Any CPU.Build.0 = Debug|Any CPU
		{136984C3-AD30-4FC9-B2DD-07E37D764B3F}.Release|Any CPU.ActiveCfg = Release|Any CPU
		{136984C3-AD30-4FC9-B2DD-07E37D764B3F}.Release|Any CPU.Build.0 = Release|Any CPU
	EndGlobalSection
	GlobalSection(SolutionProperties) = preSolution
		HideSolutionNode = FALSE
	EndGlobalSection
	GlobalSection(NestedProjects) = preSolution
		{2D4D6D11-B7B3-4F81-ACC0-893FAC54CF88} = {7AAF25CE-968D-41D8-90B8-FC9AEAA48C08}
		{44A76AC1-906A-4A7C-BAD4-06B0CF77816B} = {4A2527C7-B0A7-4BC9-81F0-F112855D1A16}
		{4F52C5FF-2A00-49EF-9DAA-6841B9B37656} = {F84DE9E9-8BAB-4DCC-88DF-5001AD94A4F9}
		{06BC3EFE-DA8A-4658-90D8-E331EF7E9449} = {4F52C5FF-2A00-49EF-9DAA-6841B9B37656}
		{FD382AAB-E221-4695-BF4C-F11832D5D05D} = {4F52C5FF-2A00-49EF-9DAA-6841B9B37656}
		{D415F920-A352-49FF-A150-3B4A6BEC5238} = {4F52C5FF-2A00-49EF-9DAA-6841B9B37656}
		{FFF444D1-8A2B-4B14-8B42-927608F8EAD0} = {7AAF25CE-968D-41D8-90B8-FC9AEAA48C08}
		{2527F2BD-3A96-46CF-BC6C-436BCE24BED6} = {7AAF25CE-968D-41D8-90B8-FC9AEAA48C08}
		{A5BFA0FB-9D60-40BF-8AAF-075242DB3C03} = {F84DE9E9-8BAB-4DCC-88DF-5001AD94A4F9}
		{B6A99536-C50F-46D1-8C5A-C9B6405C6FC4} = {A5BFA0FB-9D60-40BF-8AAF-075242DB3C03}
		{10EB4B1E-80E3-4CAD-BB32-C395E0F7DF3F} = {A5BFA0FB-9D60-40BF-8AAF-075242DB3C03}
		{1F60CCEB-72B4-4BF7-A040-04400D9143BA} = {A5BFA0FB-9D60-40BF-8AAF-075242DB3C03}
		{C774C063-B6D0-49CF-8B2E-6780D9BDCA5F} = {4A2527C7-B0A7-4BC9-81F0-F112855D1A16}
		{5D9F46E4-A6B4-4785-8C19-3D15FDF1A349} = {7AAF25CE-968D-41D8-90B8-FC9AEAA48C08}
		{136984C3-AD30-4FC9-B2DD-07E37D764B3F} = {A7E79BB9-D8C9-46E3-BD87-C70404235500}
	EndGlobalSection
	GlobalSection(ExtensibilityGlobals) = postSolution
		SolutionGuid = {EB18ED60-C0C1-4332-914A-A8DF2118B8D2}
	EndGlobalSection
EndGlobal
